{
  "name": "haneul-oracle-v2",
  "version": "0.1.0",
  "lockfileVersion": 3,
  "requires": true,
  "packages": {
    "": {
      "name": "haneul-oracle-v2",
      "version": "0.1.0",
      "license": "Apache-2.0",
      "dependencies": {
        "@haneullabs/haneul": "2.33.1",
        "ccxt": "4.5.84"
      },
      "devDependencies": {
        "@types/node": "^22.18.0",
        "typescript": "^5.9.0"
      },
      "engines": {
        "node": ">=22.18"
      }
    },
    "node_modules/@0no-co/graphql.web": {
      "version": "1.3.4",
      "resolved": "https://registry.npmjs.org/@0no-co/graphql.web/-/graphql.web-1.3.4.tgz",
      "integrity": "sha512-imSwulOeDQodRy/olQmVEo2PiY6ntjkZ9eiGdw6lMYylh/tay9b7MusyJBmEnkL8GiKRKr6ltr+D42mY5bd8Bg==",
      "license": "MIT",
      "peerDependencies": {
        "graphql": "^14.0.0 || ^15.0.0 || ^16.0.0 || ^17.0.0"
      },
      "peerDependenciesMeta": {
        "graphql": {
          "optional": true
        }
      }
    },
    "node_modules/@0no-co/graphqlsp": {
      "version": "1.17.5",
      "resolved": "https://registry.npmjs.org/@0no-co/graphqlsp/-/graphqlsp-1.17.5.tgz",
      "integrity": "sha512-wsygfTO3pdkz4idDw8BxdMdgB9AB8nuJDJTUwYy87BiZEZRXS4bEfn4oNl9VtxTo6j2lzX/gED+IvOgxsSy2Jg==",
      "license": "MIT",
      "dependencies": {
        "@gql.tada/internal": "^1.2.1",
        "graphql": "^15.5.0 || ^16.0.0 || ^17.0.0"
      },
      "peerDependencies": {
        "graphql": "^15.5.0 || ^16.0.0 || ^17.0.0",
        "typescript": "^5.0.0 || ^6.0.0"
      }
    },
    "node_modules/@gql.tada/cli-utils": {
      "version": "1.9.3",
      "resolved": "https://registry.npmjs.org/@gql.tada/cli-utils/-/cli-utils-1.9.3.tgz",
      "integrity": "sha512-P1TiXErpJwIi73sei5fzwGA/SOeCaIHFWFR4RdZPLwqxZzQN0T6MAUivzXBgKCORL67rvYnLaaPoWeqWq/61ug==",
      "license": "MIT",
      "dependencies": {
        "@0no-co/graphqlsp": "^1.17.3",
        "@gql.tada/internal": "1.2.2",
        "graphql": "^15.5.0 || ^16.0.0 || ^17.0.0"
      },
      "peerDependencies": {
        "@0no-co/graphqlsp": "^1.16.0",
        "@gql.tada/svelte-support": "1.0.3",
        "@gql.tada/vue-support": "1.0.3",
        "graphql": "^15.5.0 || ^16.0.0 || ^17.0.0",
        "typescript": "^5.0.0 || ^6.0.0 || ^7.0.0 || ^8.0.0"
      },
      "peerDependenciesMeta": {
        "@gql.tada/svelte-support": {
          "optional": true
        },
        "@gql.tada/vue-support": {
          "optional": true
        }
      }
    },
    "node_modules/@gql.tada/internal": {
      "version": "1.2.2",
      "resolved": "https://registry.npmjs.org/@gql.tada/internal/-/internal-1.2.2.tgz",
      "integrity": "sha512-4lZcElPP6MC8Ct8KN70LR2WQsHjbAsyAmTGG09VsOPhx738UFIYaL0S1XiI2pqq2tj/sDs/y3b9jvKoWGL7iuQ==",
      "license": "MIT",
      "dependencies": {
        "@0no-co/graphql.web": "^1.3.1"
      },
      "peerDependencies": {
        "graphql": "^15.5.0 || ^16.0.0 || ^17.0.0",
        "typescript": "^5.0.0 || ^6.0.0 || ^7.0.0 || ^8.0.0"
      }
    },
    "node_modules/@graphql-typed-document-node/core": {
      "version": "3.2.0",
      "resolved": "https://registry.npmjs.org/@graphql-typed-document-node/core/-/core-3.2.0.tgz",
      "integrity": "sha512-mB9oAsNCm9aM3/SOv4YtBMqZbYj10R7dkq8byBqxGY/ncFwhf2oQzMV+LCRlWoDSEBJ3COiR1yeDvMtsoOsuFQ==",
      "license": "MIT",
      "peerDependencies": {
        "graphql": "^0.8.0 || ^0.9.0 || ^0.10.0 || ^0.11.0 || ^0.12.0 || ^0.13.0 || ^14.0.0 || ^15.0.0 || ^16.0.0 || ^17.0.0"
      }
    },
    "node_modules/@haneullabs/bcs": {
      "version": "2.1.2",
      "resolved": "https://registry.npmjs.org/@haneullabs/bcs/-/bcs-2.1.2.tgz",
      "integrity": "sha512-sCDnNHcszcQ4rnj6AeqA4OnPE7pHRdrQ8h3JIq4BB00Slk/RRW0vLwJdE/tfj/kDZk9NNZbPRHF7vrPnRyfyqw==",
      "license": "Apache-2.0",
      "dependencies": {
        "@haneullabs/utils": "^0.4.1",
        "@scure/base": "^2.3.0"
      }
    },
    "node_modules/@haneullabs/haneul": {
      "version": "2.33.1",
      "resolved": "https://registry.npmjs.org/@haneullabs/haneul/-/haneul-2.33.1.tgz",
      "integrity": "sha512-v7Ep7LdfQ4QBuLEzJojXuKdXIdlMFsm5+ShLKY9ttUgFpio8bL5Em1LqNLeopfIPJML2A0xOzq5zudVt5r1fSA==",
      "license": "Apache-2.0",
      "dependencies": {
        "@graphql-typed-document-node/core": "^3.2.0",
        "@haneullabs/bcs": "^2.1.2",
        "@haneullabs/utils": "^0.4.1",
        "@noble/curves": "^2.3.0",
        "@noble/hashes": "^2.3.0",
        "@protobuf-ts/grpcweb-transport": "^2.11.1",
        "@protobuf-ts/runtime": "^2.11.1",
        "@protobuf-ts/runtime-rpc": "^2.11.1",
        "@scure/base": "^2.3.0",
        "@scure/bip32": "^2.3.0",
        "@scure/bip39": "^2.3.0",
        "gql.tada": "^1.11.3",
        "graphql": "^17.0.2",
        "poseidon-lite": "0.3.0",
        "valibot": "^1.4.2"
      },
      "engines": {
        "node": ">=22"
      }
    },
    "node_modules/@haneullabs/utils": {
      "version": "0.4.1",
      "resolved": "https://registry.npmjs.org/@haneullabs/utils/-/utils-0.4.1.tgz",
      "integrity": "sha512-ueowslqWxmZetb279loatKmhH26TiVSmLYUSSAjnsyKSjGn6TZAt8URaLdomMNjrjU9PPvdAWuaiIiy6L2ur3w==",
      "license": "Apache-2.0",
      "dependencies": {
        "@scure/base": "^2.3.0"
      }
    },
    "node_modules/@noble/curves": {
      "version": "2.4.0",
      "resolved": "https://registry.npmjs.org/@noble/curves/-/curves-2.4.0.tgz",
      "integrity": "sha512-P4/62zrgfH33CneE3Dn4WhJVA22YUU0eR51wKIan4NVRvwsA0YnPTwWGpNbpuacSujmSFLvyzpyuR30+fbq2Ew==",
      "license": "MIT",
      "dependencies": {
        "@noble/hashes": "2.4.0"
      },
      "engines": {
        "node": ">= 20.19.0"
      },
      "funding": {
        "url": "https://paulmillr.com/funding/"
      }
    },
    "node_modules/@noble/hashes": {
      "version": "2.4.0",
      "resolved": "https://registry.npmjs.org/@noble/hashes/-/hashes-2.4.0.tgz",
      "integrity": "sha512-X5XaVWZIBCT7HHZGm5I7ZQXDwLG+bGXuSrMQAW+7Zvl87h1kmc1ZB1VSRJcpUfoUrGQp4Fkoxm5kZ+Ms+aW+eA==",
      "license": "MIT",
      "engines": {
        "node": ">= 20.19.0"
      },
      "funding": {
        "url": "https://paulmillr.com/funding/"
      }
    },
    "node_modules/@protobuf-ts/grpcweb-transport": {
      "version": "2.11.1",
      "resolved": "https://registry.npmjs.org/@protobuf-ts/grpcweb-transport/-/grpcweb-transport-2.11.1.tgz",
      "integrity": "sha512-1W4utDdvOB+RHMFQ0soL4JdnxjXV+ddeGIUg08DvZrA8Ms6k5NN6GBFU2oHZdTOcJVpPrDJ02RJlqtaoCMNBtw==",
      "license": "Apache-2.0",
      "dependencies": {
        "@protobuf-ts/runtime": "^2.11.1",
        "@protobuf-ts/runtime-rpc": "^2.11.1"
      }
    },
    "node_modules/@protobuf-ts/runtime": {
      "version": "2.11.1",
      "resolved": "https://registry.npmjs.org/@protobuf-ts/runtime/-/runtime-2.11.1.tgz",
      "integrity": "sha512-KuDaT1IfHkugM2pyz+FwiY80ejWrkH1pAtOBOZFuR6SXEFTsnb/jiQWQ1rCIrcKx2BtyxnxW6BWwsVSA/Ie+WQ==",
      "license": "(Apache-2.0 AND BSD-3-Clause)"
    },
    "node_modules/@protobuf-ts/runtime-rpc": {
      "version": "2.11.1",
      "resolved": "https://registry.npmjs.org/@protobuf-ts/runtime-rpc/-/runtime-rpc-2.11.1.tgz",
      "integrity": "sha512-4CqqUmNA+/uMz00+d3CYKgElXO9VrEbucjnBFEjqI4GuDrEQ32MaI3q+9qPBvIGOlL4PmHXrzM32vBPWRhQKWQ==",
      "license": "Apache-2.0",
      "dependencies": {
        "@protobuf-ts/runtime": "^2.11.1"
      }
    },
    "node_modules/@scure/base": {
      "version": "2.4.0",
      "resolved": "https://registry.npmjs.org/@scure/base/-/base-2.4.0.tgz",
      "integrity": "sha512-thZ1TuJwFwBblOhgsjDKvvGirBxNp+wSvY/DR6tJBJOTDhdAAcHJ8Vbr2eFnqaxeca4+t0i9KBf+uHYGWwZORg==",
      "license": "MIT",
      "funding": {
        "url": "https://paulmillr.com/funding/"
      }
    },
    "node_modules/@scure/bip32": {
      "version": "2.4.0",
      "resolved": "https://registry.npmjs.org/@scure/bip32/-/bip32-2.4.0.tgz",
      "integrity": "sha512-i3DS0CptAocyvqE4n3SUkpzeQK4vJMFwWLofTwRiiKo2aWojBOfyMCgfKw9HVpO6fSY5AK86sHS/Uzn8kK9Few==",
      "license": "MIT",
      "dependencies": {
        "@noble/curves": "2.4.0",
        "@noble/hashes": "2.4.0",
        "@scure/base": "2.4.0"
      },
      "funding": {
        "url": "https://paulmillr.com/funding/"
      }
    },
    "node_modules/@scure/bip39": {
      "version": "2.4.0",
      "resolved": "https://registry.npmjs.org/@scure/bip39/-/bip39-2.4.0.tgz",
      "integrity": "sha512-82dxFbZUYboyOf0AXiydsQrFQ5Q4h9mX+O2UkE91ROYmsc0BKMGZLwDmy96Jpa2+vrtoxomjUhy1RPIgH/r2nA==",
      "license": "MIT",
      "dependencies": {
        "@noble/hashes": "2.4.0"
      },
      "funding": {
        "url": "https://paulmillr.com/funding/"
      }
    },
    "node_modules/@scure/starknet": {
      "version": "2.2.0",
      "resolved": "https://registry.npmjs.org/@scure/starknet/-/starknet-2.2.0.tgz",
      "integrity": "sha512-FPgUFyEgbEG7ewrj9gWUeXpf2b6klBnqcZOSFz6z4ycVCIAeGhNqKQUPlvl2Ka8gfmrbCcdIrImyi+dINr06Uw==",
      "license": "MIT",
      "dependencies": {
        "@noble/curves": "~2.2.0",
        "@noble/hashes": "~2.2.0"
      },
      "engines": {
        "node": ">= 20.19.0"
      },
      "funding": {
        "url": "https://paulmillr.com/funding/"
      }
    },
    "node_modules/@scure/starknet/node_modules/@noble/curves": {
      "version": "2.2.0",
      "resolved": "https://registry.npmjs.org/@noble/curves/-/curves-2.2.0.tgz",
      "integrity": "sha512-T/BoHgFXirb0ENSPBquzX0rcjXeM6Lo892a2jlYJkqk83LqZx0l1Of7DzlKJ6jkpvMrkHSnAcgb5JegL8SeIkQ==",
      "license": "MIT",
      "dependencies": {
        "@noble/hashes": "2.2.0"
      },
      "engines": {
        "node": ">= 20.19.0"
      },
      "funding": {
        "url": "https://paulmillr.com/funding/"
      }
    },
    "node_modules/@scure/starknet/node_modules/@noble/hashes": {
      "version": "2.2.0",
      "resolved": "https://registry.npmjs.org/@noble/hashes/-/hashes-2.2.0.tgz",
      "integrity": "sha512-IYqDGiTXab6FniAgnSdZwgWbomxpy9FtYvLKs7wCUs2a8RkITG+DFGO1DM9cr+E3/RgADRpFjrKVaJ1z6sjtEg==",
      "license": "MIT",
      "engines": {
        "node": ">= 20.19.0"
      },
      "funding": {
        "url": "https://paulmillr.com/funding/"
      }
    },
    "node_modules/@types/node": {
      "version": "22.20.4",
      "resolved": "https://registry.npmjs.org/@types/node/-/node-22.20.4.tgz",
      "integrity": "sha512-zJRE40jpHtKqE/C4fgHrAKQLJuSpzEnP9ff9Y7YtoR3Wd2pwqzlekDeEuUQXjRd+QCYnVnNwuJYmhdk9XV8gvA==",
      "dev": true,
      "license": "MIT",
      "dependencies": {
        "undici-types": "~6.21.0"
      }
    },
    "node_modules/bufferutil": {
      "version": "4.1.0",
      "resolved": "https://registry.npmjs.org/bufferutil/-/bufferutil-4.1.0.tgz",
      "integrity": "sha512-ZMANVnAixE6AWWnPzlW2KpUrxhm9woycYvPOo67jWHyFowASTEd9s+QN1EIMsSDtwhIxN4sWE1jotpuDUIgyIw==",
      "hasInstallScript": true,
      "license": "MIT",
      "optional": true,
      "dependencies": {
        "node-gyp-build": "^4.3.0"
      },
      "engines": {
        "node": ">=6.14.2"
      }
    },
    "node_modules/ccxt": {
      "version": "4.5.84",
      "resolved": "https://registry.npmjs.org/ccxt/-/ccxt-4.5.84.tgz",
      "integrity": "sha512-AbVBsXV8i7FXVHRCAKx5GEUgmfLFaTRRsNgJSOTHAz0bOhDftW5ICiNtCZNIGpyTXGeC2MYfIlLV5qnx63jurg==",
      "hasInstallScript": true,
      "license": "MIT",
      "dependencies": {
        "@noble/curves": "2.2.0",
        "@noble/hashes": "2.2.0",
        "@scure/base": "2.2.0",
        "@scure/starknet": "2.2.0",
        "undici": "7.29.1",
        "ws": "8.21.0"
      },
      "engines": {
        "node": ">=18.0.0"
      },
      "optionalDependencies": {
        "bufferutil": "4.1.0",
        "fflate": "0.8.3"
      },
      "peerDependencies": {
        "protobufjs": "^7.5.3"
      },
      "peerDependenciesMeta": {
        "protobufjs": {
          "optional": true
        }
      }
    },
    "node_modules/ccxt/node_modules/@noble/curves": {
      "version": "2.2.0",
      "resolved": "https://registry.npmjs.org/@noble/curves/-/curves-2.2.0.tgz",
      "integrity": "sha512-T/BoHgFXirb0ENSPBquzX0rcjXeM6Lo892a2jlYJkqk83LqZx0l1Of7DzlKJ6jkpvMrkHSnAcgb5JegL8SeIkQ==",
      "license": "MIT",
      "dependencies": {
        "@noble/hashes": "2.2.0"
      },
      "engines": {
        "node": ">= 20.19.0"
      },
      "funding": {
        "url": "https://paulmillr.com/funding/"
      }
    },
    "node_modules/ccxt/node_modules/@noble/hashes": {
      "version": "2.2.0",
      "resolved": "https://registry.npmjs.org/@noble/hashes/-/hashes-2.2.0.tgz",
      "integrity": "sha512-IYqDGiTXab6FniAgnSdZwgWbomxpy9FtYvLKs7wCUs2a8RkITG+DFGO1DM9cr+E3/RgADRpFjrKVaJ1z6sjtEg==",
      "license": "MIT",
      "engines": {
        "node": ">= 20.19.0"
      },
      "funding": {
        "url": "https://paulmillr.com/funding/"
      }
    },
    "node_modules/ccxt/node_modules/@scure/base": {
      "version": "2.2.0",
      "resolved": "https://registry.npmjs.org/@scure/base/-/base-2.2.0.tgz",
      "integrity": "sha512-b8XEupJibegiXV+tDUseI8oLQc8ei3d/4Jkb2RpbHh3MfE054ov3uIz2dhFkB3FI8iwYkEh0gGCApkrYggkPNg==",
      "license": "MIT",
      "funding": {
        "url": "https://paulmillr.com/funding/"
      }
    },
    "node_modules/fflate": {
      "version": "0.8.3",
      "resolved": "https://registry.npmjs.org/fflate/-/fflate-0.8.3.tgz",
      "integrity": "sha512-tbZNuJrLwGUp3zshBtdy4W+ORxZuIh8a5ilyIEQDC5rY1f3U20JMry0Ll3WBzU58EZKsEuJFXhb5gwv8CsPvgA==",
      "license": "MIT",
      "optional": true
    },
    "node_modules/gql.tada": {
      "version": "1.11.3",
      "resolved": "https://registry.npmjs.org/gql.tada/-/gql.tada-1.11.3.tgz",
      "integrity": "sha512-5JCI4j2f0nug8ILaCQys/yjOP78QqqjVUf47OQsME63rZfemsHT3e5vcfbHsnZiG6vxyqpKUJArtXEVwSefUhw==",
      "license": "MIT",
      "dependencies": {
        "@0no-co/graphql.web": "^1.3.2",
        "@0no-co/graphqlsp": "^1.17.3",
        "@gql.tada/cli-utils": "1.9.3",
        "@gql.tada/internal": "1.2.2"
      },
      "bin": {
        "gql-tada": "bin/cli.js",
        "gql.tada": "bin/cli.js"
      },
      "peerDependencies": {
        "typescript": "^5.0.0 || ^6.0.0 || ^7.0.0 || ^8.0.0"
      }
    },
    "node_modules/graphql": {
      "version": "17.0.2",
      "resolved": "https://registry.npmjs.org/graphql/-/graphql-17.0.2.tgz",
      "integrity": "sha512-FRWbddMxfkjiB7z+aQDWIR+E34xo9I8c9mtK2RPv8PmMzKRvrdsreHL/Ui/TmwHJfhHChEtsFPyMHKI+xuarQQ==",
      "license": "MIT",
      "engines": {
        "node": "^22.0.0 || ^24.0.0 || ^25.0.0 || >=26.0.0"
      }
    },
    "node_modules/node-gyp-build": {
      "version": "4.8.4",
      "resolved": "https://registry.npmjs.org/node-gyp-build/-/node-gyp-build-4.8.4.tgz",
      "integrity": "sha512-LA4ZjwlnUblHVgq0oBF3Jl/6h/Nvs5fzBLwdEF4nuxnFdsfajde4WfxtJr3CaiH+F6ewcIB/q4jQ4UzPyid+CQ==",
      "license": "MIT",
      "optional": true,
      "bin": {
        "node-gyp-build": "bin.js",
        "node-gyp-build-optional": "optional.js",
        "node-gyp-build-test": "build-test.js"
      }
    },
    "node_modules/poseidon-lite": {
      "version": "0.3.0",
      "resolved": "https://registry.npmjs.org/poseidon-lite/-/poseidon-lite-0.3.0.tgz",
      "integrity": "sha512-ilJj4MIve4uBEG7SrtPqUUNkvpJ/pLVbndxa0WvebcQqeIhe+h72JR4g0EvwchUzm9sOQDlOjiDNmRAgxNZl4A==",
      "license": "MIT"
    },
    "node_modules/typescript": {
      "version": "5.9.3",
      "resolved": "https://registry.npmjs.org/typescript/-/typescript-5.9.3.tgz",
      "integrity": "sha512-jl1vZzPDinLr9eUt3J/t7V6FgNEw9QjvBPdysz9KfQDD41fQrC2Y4vKQdiaUpFT4bXlb1RHhLpp8wtm6M5TgSw==",
      "license": "Apache-2.0",
      "bin": {
        "tsc": "bin/tsc",
        "tsserver": "bin/tsserver"
      },
      "engines": {
        "node": ">=14.17"
      }
    },
    "node_modules/undici": {
      "version": "7.29.1",
      "resolved": "https://registry.npmjs.org/undici/-/undici-7.29.1.tgz",
      "integrity": "sha512-RYONW2MeafgYlkVOKYKkA/Ag7BmXqgIWCa8t1m0JcxrQg9pI9lEqRhAOruOBCbAohOa/gkCF+iPi9hrgvTzu6Q==",
      "license": "MIT",
      "engines": {
        "node": ">=20.18.1"
      }
    },
    "node_modules/undici-types": {
      "version": "6.21.0",
      "resolved": "https://registry.npmjs.org/undici-types/-/undici-types-6.21.0.tgz",
      "integrity": "sha512-iwDZqg0QAGrg9Rav5H4n0M64c3mkR59cJ6wQp+7C4nI0gsmExaedaYLNO44eT4AtBBwjbTiGPMlt2Md0T9H9JQ==",
      "dev": true,
      "license": "MIT"
    },
    "node_modules/valibot": {
      "version": "1.5.0",
      "resolved": "https://registry.npmjs.org/valibot/-/valibot-1.5.0.tgz",
      "integrity": "sha512-nil6AkP2TChWL43Z5uJ6GTxX01CUA+g8LWUM+N/rB9NBbkUMaUsi9PUNzlUPgoKASgmx9f7eGOYpJ04/fSa6FQ==",
      "license": "MIT",
      "peerDependencies": {
        "typescript": ">=5"
      },
      "peerDependenciesMeta": {
        "typescript": {
          "optional": true
        }
      }
    },
    "node_modules/ws": {
      "version": "8.21.0",
      "resolved": "https://registry.npmjs.org/ws/-/ws-8.21.0.tgz",
      "integrity": "sha512-Vsp28b7DRcimFQvrqu2Wek3z1iYxDCWqHYB8Qsnk/S4RfaCQzPGPyBNuVjJV3cd6UiKtUtp6sNM77gWvzcCH+g==",
      "license": "MIT",
      "engines": {
        "node": ">=10.0.0"
      },
      "peerDependencies": {
        "bufferutil": "^4.0.1",
        "utf-8-validate": ">=5.0.2"
      },
      "peerDependenciesMeta": {
        "bufferutil": {
          "optional": true
        },
        "utf-8-validate": {
          "optional": true
        }
      }
    }
  }
}
